
Microsoft Visual Studio Solution File, Format Version 11.00
# Visual Studio 2010
Project("{2150E333-8FDC-42A3-9474-1A3956D46DE8}") = "Domain", "Domain", "{D6BAC3D9-67FC-4448-83CE-6D905212CE48}"
EndProject
Project("{FAE04EC0-301F-11D3-BF4B-00C04F79EFBC}") = "Domain.UnitTests", "Domain.UnitTests\Domain.UnitTests.csproj", "{64C49034-2B88-4908-976E-5666EDD7D4B9}"
EndProject
Project("{FAE04EC0-301F-11D3-BF4B-00C04F79EFBC}") = "Domain", "Domain\Domain.csproj", "{44A38002-014A-4297-A53F-EDC91F3E75E6}"
EndProject
Project("{2150E333-8FDC-42A3-9474-1A3956D46DE8}") = "Infrastructure", "Infrastructure", "{0D61ADF6-DA94-4E23-8E22-79C896D46C6C}"
EndProject
Project("{FAE04EC0-301F-11D3-BF4B-00C04F79EFBC}") = "Infrastructure.Repositories", "Infrastructure.Repositories\Infrastructure.Repositories.csproj", "{9591FB9C-6658-4A0D-A2F6-71D8028E0DA3}"
EndProject
Project("{FAE04EC0-301F-11D3-BF4B-00C04F79EFBC}") = "Infrastructure.Repositories.UnitTests", "Infrastructure.Repositories.UnitTests\Infrastructure.Repositories.UnitTests.csproj", "{85B112B9-548C-4568-91F1-F62577CDF404}"
EndProject
Project("{FAE04EC0-301F-11D3-BF4B-00C04F79EFBC}") = "Skahal.Infrastructure.Framework", "Skahal.Infrastructure.Framework\Skahal.Infrastructure.Framework.csproj", "{404971D6-D685-40C7-80C6-F412697EEF75}"
EndProject
Project("{FAE04EC0-301F-11D3-BF4B-00C04F79EFBC}") = "Infrastructure", "Infrastructure\Infrastructure.csproj", "{88AA3A37-97FF-4D48-8054-EE19ABBED0C8}"
EndProject
Project("{FAE04EC0-301F-11D3-BF4B-00C04F79EFBC}") = "Infrastructure.FunctionalTests", "Infrastructure.FunctionalTests\Infrastructure.FunctionalTests.csproj", "{3B275240-52FD-4ABC-AE05-63B345657478}"
EndProject
Project("{FAE04EC0-301F-11D3-BF4B-00C04F79EFBC}") = "Infrastructure.Systems", "Infrastructure.Systems\Infrastructure.Systems.csproj", "{940DBD83-CDFA-40BD-8139-5FB32851D1DB}"
EndProject
Project("{FAE04EC0-301F-11D3-BF4B-00C04F79EFBC}") = "Application", "Application\Application.csproj", "{CC957DCA-EC1E-43E2-A016-2711F2581197}"
EndProject
Project("{FAE04EC0-301F-11D3-BF4B-00C04F79EFBC}") = "BeeBaby.iOS", "BeeBaby\BeeBaby.iOS.csproj", "{56FFB355-3E7A-4740-BA9F-FE5B43FCADE4}"
EndProject
Global
	GlobalSection(SolutionConfigurationPlatforms) = preSolution
		Debug|iPhoneSimulator = Debug|iPhoneSimulator
		Release|iPhoneSimulator = Release|iPhoneSimulator
		Debug|iPhone = Debug|iPhone
		Release|iPhone = Release|iPhone
		Ad-Hoc|iPhone = Ad-Hoc|iPhone
		AppStore|iPhone = AppStore|iPhone
		OSX|Any CPU = OSX|Any CPU
		iOS|Any CPU = iOS|Any CPU
	EndGlobalSection
	GlobalSection(ProjectConfigurationPlatforms) = postSolution
		{3B275240-52FD-4ABC-AE05-63B345657478}.Ad-Hoc|iPhone.ActiveCfg = Release|Any CPU
		{3B275240-52FD-4ABC-AE05-63B345657478}.Ad-Hoc|iPhone.Build.0 = Release|Any CPU
		{3B275240-52FD-4ABC-AE05-63B345657478}.AppStore|iPhone.ActiveCfg = Release|Any CPU
		{3B275240-52FD-4ABC-AE05-63B345657478}.AppStore|iPhone.Build.0 = Release|Any CPU
		{3B275240-52FD-4ABC-AE05-63B345657478}.Debug|iPhone.ActiveCfg = Debug|Any CPU
		{3B275240-52FD-4ABC-AE05-63B345657478}.Debug|iPhone.Build.0 = Debug|Any CPU
		{3B275240-52FD-4ABC-AE05-63B345657478}.Debug|iPhoneSimulator.ActiveCfg = Debug|Any CPU
		{3B275240-52FD-4ABC-AE05-63B345657478}.Debug|iPhoneSimulator.Build.0 = Debug|Any CPU
		{3B275240-52FD-4ABC-AE05-63B345657478}.iOS|Any CPU.ActiveCfg = Debug|Any CPU
		{3B275240-52FD-4ABC-AE05-63B345657478}.iOS|Any CPU.Build.0 = Debug|Any CPU
		{3B275240-52FD-4ABC-AE05-63B345657478}.OSX|Any CPU.ActiveCfg = Debug|Any CPU
		{3B275240-52FD-4ABC-AE05-63B345657478}.OSX|Any CPU.Build.0 = Debug|Any CPU
		{3B275240-52FD-4ABC-AE05-63B345657478}.Release|iPhone.ActiveCfg = Release|Any CPU
		{3B275240-52FD-4ABC-AE05-63B345657478}.Release|iPhone.Build.0 = Release|Any CPU
		{3B275240-52FD-4ABC-AE05-63B345657478}.Release|iPhoneSimulator.ActiveCfg = Release|Any CPU
		{3B275240-52FD-4ABC-AE05-63B345657478}.Release|iPhoneSimulator.Build.0 = Release|Any CPU
		{404971D6-D685-40C7-80C6-F412697EEF75}.Ad-Hoc|iPhone.ActiveCfg = Release|Any CPU
		{404971D6-D685-40C7-80C6-F412697EEF75}.Ad-Hoc|iPhone.Build.0 = Release|Any CPU
		{404971D6-D685-40C7-80C6-F412697EEF75}.AppStore|iPhone.ActiveCfg = Release|Any CPU
		{404971D6-D685-40C7-80C6-F412697EEF75}.AppStore|iPhone.Build.0 = Release|Any CPU
		{404971D6-D685-40C7-80C6-F412697EEF75}.Debug|iPhone.ActiveCfg = Debug|Any CPU
		{404971D6-D685-40C7-80C6-F412697EEF75}.Debug|iPhone.Build.0 = Debug|Any CPU
		{404971D6-D685-40C7-80C6-F412697EEF75}.Debug|iPhoneSimulator.ActiveCfg = Debug|Any CPU
		{404971D6-D685-40C7-80C6-F412697EEF75}.Debug|iPhoneSimulator.Build.0 = Debug|Any CPU
		{404971D6-D685-40C7-80C6-F412697EEF75}.iOS|Any CPU.ActiveCfg = Debug|Any CPU
		{404971D6-D685-40C7-80C6-F412697EEF75}.iOS|Any CPU.Build.0 = Debug|Any CPU
		{404971D6-D685-40C7-80C6-F412697EEF75}.OSX|Any CPU.ActiveCfg = Debug|Any CPU
		{404971D6-D685-40C7-80C6-F412697EEF75}.OSX|Any CPU.Build.0 = Debug|Any CPU
		{404971D6-D685-40C7-80C6-F412697EEF75}.Release|iPhone.ActiveCfg = Release|Any CPU
		{404971D6-D685-40C7-80C6-F412697EEF75}.Release|iPhone.Build.0 = Release|Any CPU
		{404971D6-D685-40C7-80C6-F412697EEF75}.Release|iPhoneSimulator.ActiveCfg = Release|Any CPU
		{404971D6-D685-40C7-80C6-F412697EEF75}.Release|iPhoneSimulator.Build.0 = Release|Any CPU
		{44A38002-014A-4297-A53F-EDC91F3E75E6}.Ad-Hoc|iPhone.ActiveCfg = Release|Any CPU
		{44A38002-014A-4297-A53F-EDC91F3E75E6}.Ad-Hoc|iPhone.Build.0 = Release|Any CPU
		{44A38002-014A-4297-A53F-EDC91F3E75E6}.AppStore|iPhone.ActiveCfg = Release|Any CPU
		{44A38002-014A-4297-A53F-EDC91F3E75E6}.AppStore|iPhone.Build.0 = Release|Any CPU
		{44A38002-014A-4297-A53F-EDC91F3E75E6}.Debug|iPhone.ActiveCfg = Debug|Any CPU
		{44A38002-014A-4297-A53F-EDC91F3E75E6}.Debug|iPhone.Build.0 = Debug|Any CPU
		{44A38002-014A-4297-A53F-EDC91F3E75E6}.Debug|iPhoneSimulator.ActiveCfg = Debug|Any CPU
		{44A38002-014A-4297-A53F-EDC91F3E75E6}.Debug|iPhoneSimulator.Build.0 = Debug|Any CPU
		{44A38002-014A-4297-A53F-EDC91F3E75E6}.iOS|Any CPU.ActiveCfg = Debug|Any CPU
		{44A38002-014A-4297-A53F-EDC91F3E75E6}.iOS|Any CPU.Build.0 = Debug|Any CPU
		{44A38002-014A-4297-A53F-EDC91F3E75E6}.OSX|Any CPU.ActiveCfg = Debug|Any CPU
		{44A38002-014A-4297-A53F-EDC91F3E75E6}.OSX|Any CPU.Build.0 = Debug|Any CPU
		{44A38002-014A-4297-A53F-EDC91F3E75E6}.Release|iPhone.ActiveCfg = Release|Any CPU
		{44A38002-014A-4297-A53F-EDC91F3E75E6}.Release|iPhone.Build.0 = Release|Any CPU
		{44A38002-014A-4297-A53F-EDC91F3E75E6}.Release|iPhoneSimulator.ActiveCfg = Release|Any CPU
		{44A38002-014A-4297-A53F-EDC91F3E75E6}.Release|iPhoneSimulator.Build.0 = Release|Any CPU
		{56FFB355-3E7A-4740-BA9F-FE5B43FCADE4}.Ad-Hoc|iPhone.ActiveCfg = Ad-Hoc|iPhone
		{56FFB355-3E7A-4740-BA9F-FE5B43FCADE4}.Ad-Hoc|iPhone.Build.0 = Ad-Hoc|iPhone
		{56FFB355-3E7A-4740-BA9F-FE5B43FCADE4}.AppStore|iPhone.ActiveCfg = AppStore|iPhone
		{56FFB355-3E7A-4740-BA9F-FE5B43FCADE4}.AppStore|iPhone.Build.0 = AppStore|iPhone
		{56FFB355-3E7A-4740-BA9F-FE5B43FCADE4}.Debug|iPhone.ActiveCfg = Debug|iPhone
		{56FFB355-3E7A-4740-BA9F-FE5B43FCADE4}.Debug|iPhone.Build.0 = Debug|iPhone
		{56FFB355-3E7A-4740-BA9F-FE5B43FCADE4}.Debug|iPhoneSimulator.ActiveCfg = Debug|iPhoneSimulator
		{56FFB355-3E7A-4740-BA9F-FE5B43FCADE4}.Debug|iPhoneSimulator.Build.0 = Debug|iPhoneSimulator
		{56FFB355-3E7A-4740-BA9F-FE5B43FCADE4}.iOS|Any CPU.ActiveCfg = Debug|iPhoneSimulator
		{56FFB355-3E7A-4740-BA9F-FE5B43FCADE4}.iOS|Any CPU.Build.0 = Debug|iPhoneSimulator
		{56FFB355-3E7A-4740-BA9F-FE5B43FCADE4}.OSX|Any CPU.ActiveCfg = Debug|iPhoneSimulator
		{56FFB355-3E7A-4740-BA9F-FE5B43FCADE4}.OSX|Any CPU.Build.0 = Debug|iPhoneSimulator
		{56FFB355-3E7A-4740-BA9F-FE5B43FCADE4}.Release|iPhone.ActiveCfg = Release|iPhone
		{56FFB355-3E7A-4740-BA9F-FE5B43FCADE4}.Release|iPhone.Build.0 = Release|iPhone
		{56FFB355-3E7A-4740-BA9F-FE5B43FCADE4}.Release|iPhoneSimulator.ActiveCfg = Release|iPhoneSimulator
		{56FFB355-3E7A-4740-BA9F-FE5B43FCADE4}.Release|iPhoneSimulator.Build.0 = Release|iPhoneSimulator
		{64C49034-2B88-4908-976E-5666EDD7D4B9}.Ad-Hoc|iPhone.ActiveCfg = Release|Any CPU
		{64C49034-2B88-4908-976E-5666EDD7D4B9}.Ad-Hoc|iPhone.Build.0 = Release|Any CPU
		{64C49034-2B88-4908-976E-5666EDD7D4B9}.AppStore|iPhone.ActiveCfg = Release|Any CPU
		{64C49034-2B88-4908-976E-5666EDD7D4B9}.AppStore|iPhone.Build.0 = Release|Any CPU
		{64C49034-2B88-4908-976E-5666EDD7D4B9}.Debug|iPhone.ActiveCfg = Debug|Any CPU
		{64C49034-2B88-4908-976E-5666EDD7D4B9}.Debug|iPhone.Build.0 = Debug|Any CPU
		{64C49034-2B88-4908-976E-5666EDD7D4B9}.Debug|iPhoneSimulator.ActiveCfg = Debug|Any CPU
		{64C49034-2B88-4908-976E-5666EDD7D4B9}.Debug|iPhoneSimulator.Build.0 = Debug|Any CPU
		{64C49034-2B88-4908-976E-5666EDD7D4B9}.iOS|Any CPU.ActiveCfg = Debug|Any CPU
		{64C49034-2B88-4908-976E-5666EDD7D4B9}.iOS|Any CPU.Build.0 = Debug|Any CPU
		{64C49034-2B88-4908-976E-5666EDD7D4B9}.OSX|Any CPU.ActiveCfg = Debug|Any CPU
		{64C49034-2B88-4908-976E-5666EDD7D4B9}.OSX|Any CPU.Build.0 = Debug|Any CPU
		{64C49034-2B88-4908-976E-5666EDD7D4B9}.Release|iPhone.ActiveCfg = Release|Any CPU
		{64C49034-2B88-4908-976E-5666EDD7D4B9}.Release|iPhone.Build.0 = Release|Any CPU
		{64C49034-2B88-4908-976E-5666EDD7D4B9}.Release|iPhoneSimulator.ActiveCfg = Release|Any CPU
		{64C49034-2B88-4908-976E-5666EDD7D4B9}.Release|iPhoneSimulator.Build.0 = Release|Any CPU
		{85B112B9-548C-4568-91F1-F62577CDF404}.Ad-Hoc|iPhone.ActiveCfg = Release|Any CPU
		{85B112B9-548C-4568-91F1-F62577CDF404}.Ad-Hoc|iPhone.Build.0 = Release|Any CPU
		{85B112B9-548C-4568-91F1-F62577CDF404}.AppStore|iPhone.ActiveCfg = Release|Any CPU
		{85B112B9-548C-4568-91F1-F62577CDF404}.AppStore|iPhone.Build.0 = Release|Any CPU
		{85B112B9-548C-4568-91F1-F62577CDF404}.Debug|iPhone.ActiveCfg = Debug|Any CPU
		{85B112B9-548C-4568-91F1-F62577CDF404}.Debug|iPhone.Build.0 = Debug|Any CPU
		{85B112B9-548C-4568-91F1-F62577CDF404}.Debug|iPhoneSimulator.ActiveCfg = Debug|Any CPU
		{85B112B9-548C-4568-91F1-F62577CDF404}.Debug|iPhoneSimulator.Build.0 = Debug|Any CPU
		{85B112B9-548C-4568-91F1-F62577CDF404}.iOS|Any CPU.ActiveCfg = Debug|Any CPU
		{85B112B9-548C-4568-91F1-F62577CDF404}.iOS|Any CPU.Build.0 = Debug|Any CPU
		{85B112B9-548C-4568-91F1-F62577CDF404}.OSX|Any CPU.ActiveCfg = Debug|Any CPU
		{85B112B9-548C-4568-91F1-F62577CDF404}.OSX|Any CPU.Build.0 = Debug|Any CPU
		{85B112B9-548C-4568-91F1-F62577CDF404}.Release|iPhone.ActiveCfg = Release|Any CPU
		{85B112B9-548C-4568-91F1-F62577CDF404}.Release|iPhone.Build.0 = Release|Any CPU
		{85B112B9-548C-4568-91F1-F62577CDF404}.Release|iPhoneSimulator.ActiveCfg = Release|Any CPU
		{85B112B9-548C-4568-91F1-F62577CDF404}.Release|iPhoneSimulator.Build.0 = Release|Any CPU
		{88AA3A37-97FF-4D48-8054-EE19ABBED0C8}.Ad-Hoc|iPhone.ActiveCfg = Release|Any CPU
		{88AA3A37-97FF-4D48-8054-EE19ABBED0C8}.Ad-Hoc|iPhone.Build.0 = Release|Any CPU
		{88AA3A37-97FF-4D48-8054-EE19ABBED0C8}.AppStore|iPhone.ActiveCfg = Release|Any CPU
		{88AA3A37-97FF-4D48-8054-EE19ABBED0C8}.AppStore|iPhone.Build.0 = Release|Any CPU
		{88AA3A37-97FF-4D48-8054-EE19ABBED0C8}.Debug|iPhone.ActiveCfg = Debug|Any CPU
		{88AA3A37-97FF-4D48-8054-EE19ABBED0C8}.Debug|iPhone.Build.0 = Debug|Any CPU
		{88AA3A37-97FF-4D48-8054-EE19ABBED0C8}.Debug|iPhoneSimulator.ActiveCfg = Debug|Any CPU
		{88AA3A37-97FF-4D48-8054-EE19ABBED0C8}.Debug|iPhoneSimulator.Build.0 = Debug|Any CPU
		{88AA3A37-97FF-4D48-8054-EE19ABBED0C8}.iOS|Any CPU.ActiveCfg = Debug|Any CPU
		{88AA3A37-97FF-4D48-8054-EE19ABBED0C8}.iOS|Any CPU.Build.0 = Debug|Any CPU
		{88AA3A37-97FF-4D48-8054-EE19ABBED0C8}.OSX|Any CPU.ActiveCfg = Debug|Any CPU
		{88AA3A37-97FF-4D48-8054-EE19ABBED0C8}.OSX|Any CPU.Build.0 = Debug|Any CPU
		{88AA3A37-97FF-4D48-8054-EE19ABBED0C8}.Release|iPhone.ActiveCfg = Release|Any CPU
		{88AA3A37-97FF-4D48-8054-EE19ABBED0C8}.Release|iPhone.Build.0 = Release|Any CPU
		{88AA3A37-97FF-4D48-8054-EE19ABBED0C8}.Release|iPhoneSimulator.ActiveCfg = Release|Any CPU
		{88AA3A37-97FF-4D48-8054-EE19ABBED0C8}.Release|iPhoneSimulator.Build.0 = Release|Any CPU
		{940DBD83-CDFA-40BD-8139-5FB32851D1DB}.Ad-Hoc|iPhone.ActiveCfg = Release|Any CPU
		{940DBD83-CDFA-40BD-8139-5FB32851D1DB}.Ad-Hoc|iPhone.Build.0 = Release|Any CPU
		{940DBD83-CDFA-40BD-8139-5FB32851D1DB}.AppStore|iPhone.ActiveCfg = Release|Any CPU
		{940DBD83-CDFA-40BD-8139-5FB32851D1DB}.AppStore|iPhone.Build.0 = Release|Any CPU
		{940DBD83-CDFA-40BD-8139-5FB32851D1DB}.Debug|iPhone.ActiveCfg = Debug|Any CPU
		{940DBD83-CDFA-40BD-8139-5FB32851D1DB}.Debug|iPhone.Build.0 = Debug|Any CPU
		{940DBD83-CDFA-40BD-8139-5FB32851D1DB}.Debug|iPhoneSimulator.ActiveCfg = Debug|Any CPU
		{940DBD83-CDFA-40BD-8139-5FB32851D1DB}.Debug|iPhoneSimulator.Build.0 = Debug|Any CPU
		{940DBD83-CDFA-40BD-8139-5FB32851D1DB}.iOS|Any CPU.ActiveCfg = Debug|Any CPU
		{940DBD83-CDFA-40BD-8139-5FB32851D1DB}.iOS|Any CPU.Build.0 = Debug|Any CPU
		{940DBD83-CDFA-40BD-8139-5FB32851D1DB}.OSX|Any CPU.ActiveCfg = Debug|Any CPU
		{940DBD83-CDFA-40BD-8139-5FB32851D1DB}.OSX|Any CPU.Build.0 = Debug|Any CPU
		{940DBD83-CDFA-40BD-8139-5FB32851D1DB}.Release|iPhone.ActiveCfg = Release|Any CPU
		{940DBD83-CDFA-40BD-8139-5FB32851D1DB}.Release|iPhone.Build.0 = Release|Any CPU
		{940DBD83-CDFA-40BD-8139-5FB32851D1DB}.Release|iPhoneSimulator.ActiveCfg = Release|Any CPU
		{940DBD83-CDFA-40BD-8139-5FB32851D1DB}.Release|iPhoneSimulator.Build.0 = Release|Any CPU
		{9591FB9C-6658-4A0D-A2F6-71D8028E0DA3}.Ad-Hoc|iPhone.ActiveCfg = Release|Any CPU
		{9591FB9C-6658-4A0D-A2F6-71D8028E0DA3}.Ad-Hoc|iPhone.Build.0 = Release|Any CPU
		{9591FB9C-6658-4A0D-A2F6-71D8028E0DA3}.AppStore|iPhone.ActiveCfg = Release|Any CPU
		{9591FB9C-6658-4A0D-A2F6-71D8028E0DA3}.AppStore|iPhone.Build.0 = Release|Any CPU
		{9591FB9C-6658-4A0D-A2F6-71D8028E0DA3}.Debug|iPhone.ActiveCfg = Debug|Any CPU
		{9591FB9C-6658-4A0D-A2F6-71D8028E0DA3}.Debug|iPhone.Build.0 = Debug|Any CPU
		{9591FB9C-6658-4A0D-A2F6-71D8028E0DA3}.Debug|iPhoneSimulator.ActiveCfg = Debug|Any CPU
		{9591FB9C-6658-4A0D-A2F6-71D8028E0DA3}.Debug|iPhoneSimulator.Build.0 = Debug|Any CPU
		{9591FB9C-6658-4A0D-A2F6-71D8028E0DA3}.iOS|Any CPU.ActiveCfg = Debug|Any CPU
		{9591FB9C-6658-4A0D-A2F6-71D8028E0DA3}.iOS|Any CPU.Build.0 = Debug|Any CPU
		{9591FB9C-6658-4A0D-A2F6-71D8028E0DA3}.OSX|Any CPU.ActiveCfg = Debug|Any CPU
		{9591FB9C-6658-4A0D-A2F6-71D8028E0DA3}.OSX|Any CPU.Build.0 = Debug|Any CPU
		{9591FB9C-6658-4A0D-A2F6-71D8028E0DA3}.Release|iPhone.ActiveCfg = Release|Any CPU
		{9591FB9C-6658-4A0D-A2F6-71D8028E0DA3}.Release|iPhone.Build.0 = Release|Any CPU
		{9591FB9C-6658-4A0D-A2F6-71D8028E0DA3}.Release|iPhoneSimulator.ActiveCfg = Release|Any CPU
		{9591FB9C-6658-4A0D-A2F6-71D8028E0DA3}.Release|iPhoneSimulator.Build.0 = Release|Any CPU
		{CC957DCA-EC1E-43E2-A016-2711F2581197}.Ad-Hoc|iPhone.ActiveCfg = Release|Any CPU
		{CC957DCA-EC1E-43E2-A016-2711F2581197}.Ad-Hoc|iPhone.Build.0 = Release|Any CPU
		{CC957DCA-EC1E-43E2-A016-2711F2581197}.AppStore|iPhone.ActiveCfg = Release|Any CPU
		{CC957DCA-EC1E-43E2-A016-2711F2581197}.AppStore|iPhone.Build.0 = Release|Any CPU
		{CC957DCA-EC1E-43E2-A016-2711F2581197}.Debug|iPhone.ActiveCfg = Debug|Any CPU
		{CC957DCA-EC1E-43E2-A016-2711F2581197}.Debug|iPhone.Build.0 = Debug|Any CPU
		{CC957DCA-EC1E-43E2-A016-2711F2581197}.Debug|iPhoneSimulator.ActiveCfg = Debug|Any CPU
		{CC957DCA-EC1E-43E2-A016-2711F2581197}.Debug|iPhoneSimulator.Build.0 = Debug|Any CPU
		{CC957DCA-EC1E-43E2-A016-2711F2581197}.iOS|Any CPU.ActiveCfg = Debug|Any CPU
		{CC957DCA-EC1E-43E2-A016-2711F2581197}.iOS|Any CPU.Build.0 = Debug|Any CPU
		{CC957DCA-EC1E-43E2-A016-2711F2581197}.OSX|Any CPU.ActiveCfg = Debug|Any CPU
		{CC957DCA-EC1E-43E2-A016-2711F2581197}.OSX|Any CPU.Build.0 = Debug|Any CPU
		{CC957DCA-EC1E-43E2-A016-2711F2581197}.Release|iPhone.ActiveCfg = Release|Any CPU
		{CC957DCA-EC1E-43E2-A016-2711F2581197}.Release|iPhone.Build.0 = Release|Any CPU
		{CC957DCA-EC1E-43E2-A016-2711F2581197}.Release|iPhoneSimulator.ActiveCfg = Release|Any CPU
		{CC957DCA-EC1E-43E2-A016-2711F2581197}.Release|iPhoneSimulator.Build.0 = Release|Any CPU
	EndGlobalSection
	GlobalSection(NestedProjects) = preSolution
		{64C49034-2B88-4908-976E-5666EDD7D4B9} = {D6BAC3D9-67FC-4448-83CE-6D905212CE48}
		{44A38002-014A-4297-A53F-EDC91F3E75E6} = {D6BAC3D9-67FC-4448-83CE-6D905212CE48}
		{9591FB9C-6658-4A0D-A2F6-71D8028E0DA3} = {0D61ADF6-DA94-4E23-8E22-79C896D46C6C}
		{85B112B9-548C-4568-91F1-F62577CDF404} = {0D61ADF6-DA94-4E23-8E22-79C896D46C6C}
		{404971D6-D685-40C7-80C6-F412697EEF75} = {0D61ADF6-DA94-4E23-8E22-79C896D46C6C}
		{88AA3A37-97FF-4D48-8054-EE19ABBED0C8} = {0D61ADF6-DA94-4E23-8E22-79C896D46C6C}
		{3B275240-52FD-4ABC-AE05-63B345657478} = {0D61ADF6-DA94-4E23-8E22-79C896D46C6C}
		{940DBD83-CDFA-40BD-8139-5FB32851D1DB} = {0D61ADF6-DA94-4E23-8E22-79C896D46C6C}
	EndGlobalSection
	GlobalSection(MonoDevelopProperties) = preSolution
		StartupItem = BeeBaby\BeeBaby.iOS.csproj
		Policies = $0
		$0.DotNetNamingPolicy = $1
		$1.DirectoryNamespaceAssociation = PrefixedHierarchical
		$1.ResourceNamePolicy = FileFormatDefault
		version = 0.2
	EndGlobalSection
EndGlobal
