
Microsoft Visual Studio Solution File, Format Version 11.00
# Visual Studio 2010
Project("{FAE04EC0-301F-11D3-BF4B-00C04F79EFBC}") = "App.iOS", "BeeBaby\App.iOS.csproj", "{1D38888E-E914-423A-BA17-FD4AF687021E}"
EndProject
Project("{FAE04EC0-301F-11D3-BF4B-00C04F79EFBC}") = "Domain", "Domain\Domain.csproj", "{52ABC751-E858-4773-8E78-A425DD7B3E3F}"
EndProject
Project("{FAE04EC0-301F-11D3-BF4B-00C04F79EFBC}") = "Domain.UnitTests", "Domain.UnitTests\Domain.UnitTests.csproj", "{601E7D0E-C009-4EE4-B045-6C51D0DE9B90}"
EndProject
Global
	GlobalSection(SolutionConfigurationPlatforms) = preSolution
		Debug|iPhoneSimulator = Debug|iPhoneSimulator
		Release|iPhoneSimulator = Release|iPhoneSimulator
		Debug|iPhone = Debug|iPhone
		Release|iPhone = Release|iPhone
		Ad-Hoc|iPhone = Ad-Hoc|iPhone
		AppStore|iPhone = AppStore|iPhone
	EndGlobalSection
	GlobalSection(ProjectConfigurationPlatforms) = postSolution
		{1D38888E-E914-423A-BA17-FD4AF687021E}.Ad-Hoc|iPhone.ActiveCfg = Ad-Hoc|iPhone
		{1D38888E-E914-423A-BA17-FD4AF687021E}.Ad-Hoc|iPhone.Build.0 = Ad-Hoc|iPhone
		{1D38888E-E914-423A-BA17-FD4AF687021E}.AppStore|iPhone.ActiveCfg = AppStore|iPhone
		{1D38888E-E914-423A-BA17-FD4AF687021E}.AppStore|iPhone.Build.0 = AppStore|iPhone
		{1D38888E-E914-423A-BA17-FD4AF687021E}.Debug|iPhone.ActiveCfg = Debug|iPhone
		{1D38888E-E914-423A-BA17-FD4AF687021E}.Debug|iPhone.Build.0 = Debug|iPhone
		{1D38888E-E914-423A-BA17-FD4AF687021E}.Debug|iPhoneSimulator.ActiveCfg = Debug|iPhoneSimulator
		{1D38888E-E914-423A-BA17-FD4AF687021E}.Debug|iPhoneSimulator.Build.0 = Debug|iPhoneSimulator
		{1D38888E-E914-423A-BA17-FD4AF687021E}.Release|iPhone.ActiveCfg = Release|iPhone
		{1D38888E-E914-423A-BA17-FD4AF687021E}.Release|iPhone.Build.0 = Release|iPhone
		{1D38888E-E914-423A-BA17-FD4AF687021E}.Release|iPhoneSimulator.ActiveCfg = Release|iPhoneSimulator
		{1D38888E-E914-423A-BA17-FD4AF687021E}.Release|iPhoneSimulator.Build.0 = Release|iPhoneSimulator
		{52ABC751-E858-4773-8E78-A425DD7B3E3F}.Ad-Hoc|iPhone.ActiveCfg = Release|Any CPU
		{52ABC751-E858-4773-8E78-A425DD7B3E3F}.Ad-Hoc|iPhone.Build.0 = Release|Any CPU
		{52ABC751-E858-4773-8E78-A425DD7B3E3F}.AppStore|iPhone.ActiveCfg = Release|Any CPU
		{52ABC751-E858-4773-8E78-A425DD7B3E3F}.AppStore|iPhone.Build.0 = Release|Any CPU
		{52ABC751-E858-4773-8E78-A425DD7B3E3F}.Debug|iPhone.ActiveCfg = Debug|Any CPU
		{52ABC751-E858-4773-8E78-A425DD7B3E3F}.Debug|iPhone.Build.0 = Debug|Any CPU
		{52ABC751-E858-4773-8E78-A425DD7B3E3F}.Debug|iPhoneSimulator.ActiveCfg = Debug|Any CPU
		{52ABC751-E858-4773-8E78-A425DD7B3E3F}.Debug|iPhoneSimulator.Build.0 = Debug|Any CPU
		{52ABC751-E858-4773-8E78-A425DD7B3E3F}.Release|iPhone.ActiveCfg = Release|Any CPU
		{52ABC751-E858-4773-8E78-A425DD7B3E3F}.Release|iPhone.Build.0 = Release|Any CPU
		{52ABC751-E858-4773-8E78-A425DD7B3E3F}.Release|iPhoneSimulator.ActiveCfg = Release|Any CPU
		{52ABC751-E858-4773-8E78-A425DD7B3E3F}.Release|iPhoneSimulator.Build.0 = Release|Any CPU
		{601E7D0E-C009-4EE4-B045-6C51D0DE9B90}.Ad-Hoc|iPhone.ActiveCfg = Release|Any CPU
		{601E7D0E-C009-4EE4-B045-6C51D0DE9B90}.Ad-Hoc|iPhone.Build.0 = Release|Any CPU
		{601E7D0E-C009-4EE4-B045-6C51D0DE9B90}.AppStore|iPhone.ActiveCfg = Release|Any CPU
		{601E7D0E-C009-4EE4-B045-6C51D0DE9B90}.AppStore|iPhone.Build.0 = Release|Any CPU
		{601E7D0E-C009-4EE4-B045-6C51D0DE9B90}.Debug|iPhone.ActiveCfg = Debug|Any CPU
		{601E7D0E-C009-4EE4-B045-6C51D0DE9B90}.Debug|iPhone.Build.0 = Debug|Any CPU
		{601E7D0E-C009-4EE4-B045-6C51D0DE9B90}.Debug|iPhoneSimulator.ActiveCfg = Debug|Any CPU
		{601E7D0E-C009-4EE4-B045-6C51D0DE9B90}.Debug|iPhoneSimulator.Build.0 = Debug|Any CPU
		{601E7D0E-C009-4EE4-B045-6C51D0DE9B90}.Release|iPhone.ActiveCfg = Release|Any CPU
		{601E7D0E-C009-4EE4-B045-6C51D0DE9B90}.Release|iPhone.Build.0 = Release|Any CPU
		{601E7D0E-C009-4EE4-B045-6C51D0DE9B90}.Release|iPhoneSimulator.ActiveCfg = Release|Any CPU
		{601E7D0E-C009-4EE4-B045-6C51D0DE9B90}.Release|iPhoneSimulator.Build.0 = Release|Any CPU
	EndGlobalSection
	GlobalSection(MonoDevelopProperties) = preSolution
		StartupItem = BeeBaby\App.iOS.csproj
	EndGlobalSection
EndGlobal
