
Microsoft Visual Studio Solution File, Format Version 11.00
# Visual Studio 2010
Project("{FAE04EC0-301F-11D3-BF4B-00C04F79EFBC}") = "BeBabby", "BeBabby\BeBabby.csproj", "{56FFB355-3E7A-4740-BA9F-FE5B43FCADE4}"
EndProject
Project("{FAE04EC0-301F-11D3-BF4B-00C04F79EFBC}") = "Domain", "Domain\Domain.csproj", "{BEF9C1D0-14CC-4640-9041-77ECE96E1038}"
EndProject
Project("{FAE04EC0-301F-11D3-BF4B-00C04F79EFBC}") = "Infrastructure.Repositories", "Infrastructure.Repositories\Infrastructure.Repositories.csproj", "{2053666D-F182-4C7A-AB38-994861F13536}"
EndProject
Global
	GlobalSection(SolutionConfigurationPlatforms) = preSolution
		Debug|iPhoneSimulator = Debug|iPhoneSimulator
		Release|iPhoneSimulator = Release|iPhoneSimulator
		Debug|iPhone = Debug|iPhone
		Release|iPhone = Release|iPhone
		Ad-Hoc|iPhone = Ad-Hoc|iPhone
		AppStore|iPhone = AppStore|iPhone
	EndGlobalSection
	GlobalSection(ProjectConfigurationPlatforms) = postSolution
		{2053666D-F182-4C7A-AB38-994861F13536}.Ad-Hoc|iPhone.ActiveCfg = Release|Any CPU
		{2053666D-F182-4C7A-AB38-994861F13536}.Ad-Hoc|iPhone.Build.0 = Release|Any CPU
		{2053666D-F182-4C7A-AB38-994861F13536}.AppStore|iPhone.ActiveCfg = Release|Any CPU
		{2053666D-F182-4C7A-AB38-994861F13536}.AppStore|iPhone.Build.0 = Release|Any CPU
		{2053666D-F182-4C7A-AB38-994861F13536}.Debug|iPhone.ActiveCfg = Debug|Any CPU
		{2053666D-F182-4C7A-AB38-994861F13536}.Debug|iPhone.Build.0 = Debug|Any CPU
		{2053666D-F182-4C7A-AB38-994861F13536}.Debug|iPhoneSimulator.ActiveCfg = Debug|Any CPU
		{2053666D-F182-4C7A-AB38-994861F13536}.Debug|iPhoneSimulator.Build.0 = Debug|Any CPU
		{2053666D-F182-4C7A-AB38-994861F13536}.Release|iPhone.ActiveCfg = Release|Any CPU
		{2053666D-F182-4C7A-AB38-994861F13536}.Release|iPhone.Build.0 = Release|Any CPU
		{2053666D-F182-4C7A-AB38-994861F13536}.Release|iPhoneSimulator.ActiveCfg = Release|Any CPU
		{2053666D-F182-4C7A-AB38-994861F13536}.Release|iPhoneSimulator.Build.0 = Release|Any CPU
		{56FFB355-3E7A-4740-BA9F-FE5B43FCADE4}.Ad-Hoc|iPhone.ActiveCfg = Ad-Hoc|iPhone
		{56FFB355-3E7A-4740-BA9F-FE5B43FCADE4}.Ad-Hoc|iPhone.Build.0 = Ad-Hoc|iPhone
		{56FFB355-3E7A-4740-BA9F-FE5B43FCADE4}.AppStore|iPhone.ActiveCfg = AppStore|iPhone
		{56FFB355-3E7A-4740-BA9F-FE5B43FCADE4}.AppStore|iPhone.Build.0 = AppStore|iPhone
		{56FFB355-3E7A-4740-BA9F-FE5B43FCADE4}.Debug|iPhone.ActiveCfg = Debug|iPhone
		{56FFB355-3E7A-4740-BA9F-FE5B43FCADE4}.Debug|iPhone.Build.0 = Debug|iPhone
		{56FFB355-3E7A-4740-BA9F-FE5B43FCADE4}.Debug|iPhoneSimulator.ActiveCfg = Debug|iPhoneSimulator
		{56FFB355-3E7A-4740-BA9F-FE5B43FCADE4}.Debug|iPhoneSimulator.Build.0 = Debug|iPhoneSimulator
		{56FFB355-3E7A-4740-BA9F-FE5B43FCADE4}.Release|iPhone.ActiveCfg = Release|iPhone
		{56FFB355-3E7A-4740-BA9F-FE5B43FCADE4}.Release|iPhone.Build.0 = Release|iPhone
		{56FFB355-3E7A-4740-BA9F-FE5B43FCADE4}.Release|iPhoneSimulator.ActiveCfg = Release|iPhoneSimulator
		{56FFB355-3E7A-4740-BA9F-FE5B43FCADE4}.Release|iPhoneSimulator.Build.0 = Release|iPhoneSimulator
		{BEF9C1D0-14CC-4640-9041-77ECE96E1038}.Ad-Hoc|iPhone.ActiveCfg = Release|Any CPU
		{BEF9C1D0-14CC-4640-9041-77ECE96E1038}.Ad-Hoc|iPhone.Build.0 = Release|Any CPU
		{BEF9C1D0-14CC-4640-9041-77ECE96E1038}.AppStore|iPhone.ActiveCfg = Release|Any CPU
		{BEF9C1D0-14CC-4640-9041-77ECE96E1038}.AppStore|iPhone.Build.0 = Release|Any CPU
		{BEF9C1D0-14CC-4640-9041-77ECE96E1038}.Debug|iPhone.ActiveCfg = Debug|Any CPU
		{BEF9C1D0-14CC-4640-9041-77ECE96E1038}.Debug|iPhone.Build.0 = Debug|Any CPU
		{BEF9C1D0-14CC-4640-9041-77ECE96E1038}.Debug|iPhoneSimulator.ActiveCfg = Debug|Any CPU
		{BEF9C1D0-14CC-4640-9041-77ECE96E1038}.Debug|iPhoneSimulator.Build.0 = Debug|Any CPU
		{BEF9C1D0-14CC-4640-9041-77ECE96E1038}.Release|iPhone.ActiveCfg = Release|Any CPU
		{BEF9C1D0-14CC-4640-9041-77ECE96E1038}.Release|iPhone.Build.0 = Release|Any CPU
		{BEF9C1D0-14CC-4640-9041-77ECE96E1038}.Release|iPhoneSimulator.ActiveCfg = Release|Any CPU
		{BEF9C1D0-14CC-4640-9041-77ECE96E1038}.Release|iPhoneSimulator.Build.0 = Release|Any CPU
	EndGlobalSection
	GlobalSection(MonoDevelopProperties) = preSolution
		StartupItem = BeBabby\BeBabby.csproj
		Policies = $0
		$0.DotNetNamingPolicy = $1
		$1.DirectoryNamespaceAssociation = PrefixedHierarchical
		$1.ResourceNamePolicy = FileFormatDefault
	EndGlobalSection
EndGlobal
